// !$*UTF8*$!
{
	archiveVersion = 1;
	classes = {
	};
	objectVersion = 50;
	objects = {

/* Begin PBXBuildFile section */
		3D512C452BFC57F4003F3EEB /* KeyCell.swift in Sources */ = {isa = PBXBuildFile; fileRef = 3D512C442BFC57F4003F3EEB /* KeyCell.swift */; };
		3D90096E2BF1D78D003DC1EA /* AppDelegate.swift in Sources */ = {isa = PBXBuildFile; fileRef = 3D90096D2BF1D78D003DC1EA /* AppDelegate.swift */; };
		3D9009702BF1D78D003DC1EA /* SceneDelegate.swift in Sources */ = {isa = PBXBuildFile; fileRef = 3D90096F2BF1D78D003DC1EA /* SceneDelegate.swift */; };
		3D9009722BF1D78D003DC1EA /* ViewController.swift in Sources */ = {isa = PBXBuildFile; fileRef = 3D9009712BF1D78D003DC1EA /* ViewController.swift */; };
		3D9009752BF1D78D003DC1EA /* Main.storyboard in Resources */ = {isa = PBXBuildFile; fileRef = 3D9009732BF1D78D003DC1EA /* Main.storyboard */; };
		3D9009772BF1D78E003DC1EA /* Assets.xcassets in Resources */ = {isa = PBXBuildFile; fileRef = 3D9009762BF1D78E003DC1EA /* Assets.xcassets */; };
		3D90097A2BF1D78E003DC1EA /* LaunchScreen.storyboard in Resources */ = {isa = PBXBuildFile; fileRef = 3D9009782BF1D78E003DC1EA /* LaunchScreen.storyboard */; };
		3D9009852BF1D7FB003DC1EA /* KeyboardViewController.swift in Sources */ = {isa = PBXBuildFile; fileRef = 3D9009842BF1D7FB003DC1EA /* KeyboardViewController.swift */; };
		3D9009892BF1D809003DC1EA /* BoardViewController.swift in Sources */ = {isa = PBXBuildFile; fileRef = 3D9009882BF1D809003DC1EA /* BoardViewController.swift */; };
/* End PBXBuildFile section */

/* Begin PBXFileReference section */
		3D512C442BFC57F4003F3EEB /* KeyCell.swift */ = {isa = PBXFileReference; lastKnownFileType = sourcecode.swift; path = KeyCell.swift; sourceTree = "<group>"; };
		3D90096A2BF1D78D003DC1EA /* WordleGame.app */ = {isa = PBXFileReference; explicitFileType = wrapper.application; includeInIndex = 0; path = WordleGame.app; sourceTree = BUILT_PRODUCTS_DIR; };
		3D90096D2BF1D78D003DC1EA /* AppDelegate.swift */ = {isa = PBXFileReference; lastKnownFileType = sourcecode.swift; path = AppDelegate.swift; sourceTree = "<group>"; };
		3D90096F2BF1D78D003DC1EA /* SceneDelegate.swift */ = {isa = PBXFileReference; lastKnownFileType = sourcecode.swift; path = SceneDelegate.swift; sourceTree = "<group>"; };
		3D9009712BF1D78D003DC1EA /* ViewController.swift */ = {isa = PBXFileReference; lastKnownFileType = sourcecode.swift; path = ViewController.swift; sourceTree = "<group>"; };
		3D9009742BF1D78D003DC1EA /* Base */ = {isa = PBXFileReference; lastKnownFileType = file.storyboard; name = Base; path = Base.lproj/Main.storyboard; sourceTree = "<group>"; };
		3D9009762BF1D78E003DC1EA /* Assets.xcassets */ = {isa = PBXFileReference; lastKnownFileType = folder.assetcatalog; path = Assets.xcassets; sourceTree = "<group>"; };
		3D9009792BF1D78E003DC1EA /* Base */ = {isa = PBXFileReference; lastKnownFileType = file.storyboard; name = Base; path = Base.lproj/LaunchScreen.storyboard; sourceTree = "<group>"; };
		3D90097B2BF1D78E003DC1EA /* Info.plist */ = {isa = PBXFileReference; lastKnownFileType = text.plist.xml; path = Info.plist; sourceTree = "<group>"; };
		3D9009842BF1D7FB003DC1EA /* KeyboardViewController.swift */ = {isa = PBXFileReference; lastKnownFileType = sourcecode.swift; path = KeyboardViewController.swift; sourceTree = "<group>"; };
		3D9009882BF1D809003DC1EA /* BoardViewController.swift */ = {isa = PBXFileReference; lastKnownFileType = sourcecode.swift; path = BoardViewController.swift; sourceTree = "<group>"; };
/* End PBXFileReference section */

/* Begin PBXFrameworksBuildPhase section */
		3D9009672BF1D78D003DC1EA /* Frameworks */ = {
			isa = PBXFrameworksBuildPhase;
			buildActionMask = 2147483647;
			files = (
			);
			runOnlyForDeploymentPostprocessing = 0;
		};
/* End PBXFrameworksBuildPhase section */

/* Begin PBXGroup section */
		3D512C3D2BF478C2003F3EEB /* Other */ = {
			isa = PBXGroup;
			children = (
				3D90097B2BF1D78E003DC1EA /* Info.plist */,
				3D9009782BF1D78E003DC1EA /* LaunchScreen.storyboard */,
				3D90096D2BF1D78D003DC1EA /* AppDelegate.swift */,
				3D90096F2BF1D78D003DC1EA /* SceneDelegate.swift */,
				3D9009732BF1D78D003DC1EA /* Main.storyboard */,
				3D9009762BF1D78E003DC1EA /* Assets.xcassets */,
			);
			path = Other;
			sourceTree = "<group>";
		};
		3D9009612BF1D78D003DC1EA = {
			isa = PBXGroup;
			children = (
				3D90096C2BF1D78D003DC1EA /* WordleGame */,
				3D90096B2BF1D78D003DC1EA /* Products */,
			);
			sourceTree = "<group>";
		};
		3D90096B2BF1D78D003DC1EA /* Products */ = {
			isa = PBXGroup;
			children = (
				3D90096A2BF1D78D003DC1EA /* WordleGame.app */,
			);
			name = Products;
			sourceTree = "<group>";
		};
		3D90096C2BF1D78D003DC1EA /* WordleGame */ = {
			isa = PBXGroup;
			children = (
				3D512C3D2BF478C2003F3EEB /* Other */,
				3D9009822BF1D7C4003DC1EA /* Core */,
			);
			path = WordleGame;
			sourceTree = "<group>";
		};
		3D9009822BF1D7C4003DC1EA /* Core */ = {
			isa = PBXGroup;
			children = (
				3D9009712BF1D78D003DC1EA /* ViewController.swift */,
				3D9009842BF1D7FB003DC1EA /* KeyboardViewController.swift */,
				3D9009882BF1D809003DC1EA /* BoardViewController.swift */,
				3D512C442BFC57F4003F3EEB /* KeyCell.swift */,
			);
			path = Core;
			sourceTree = "<group>";
		};
/* End PBXGroup section */

/* Begin PBXNativeTarget section */
		3D9009692BF1D78D003DC1EA /* WordleGame */ = {
			isa = PBXNativeTarget;
			buildConfigurationList = 3D90097E2BF1D78E003DC1EA /* Build configuration list for PBXNativeTarget "WordleGame" */;
			buildPhases = (
				3D9009662BF1D78D003DC1EA /* Sources */,
				3D9009672BF1D78D003DC1EA /* Frameworks */,
				3D9009682BF1D78D003DC1EA /* Resources */,
			);
			buildRules = (
			);
			dependencies = (
			);
			name = WordleGame;
			productName = WordleGame;
			productReference = 3D90096A2BF1D78D003DC1EA /* WordleGame.app */;
			productType = "com.apple.product-type.application";
		};
/* End PBXNativeTarget section */

/* Begin PBXProject section */
		3D9009622BF1D78D003DC1EA /* Project object */ = {
			isa = PBXProject;
			attributes = {
				LastSwiftUpdateCheck = 1240;
				LastUpgradeCheck = 1240;
				TargetAttributes = {
					3D9009692BF1D78D003DC1EA = {
						CreatedOnToolsVersion = 12.4;
					};
				};
			};
			buildConfigurationList = 3D9009652BF1D78D003DC1EA /* Build configuration list for PBXProject "WordleGame" */;
			compatibilityVersion = "Xcode 9.3";
			developmentRegion = en;
			hasScannedForEncodings = 0;
			knownRegions = (
				en,
				Base,
			);
			mainGroup = 3D9009612BF1D78D003DC1EA;
			productRefGroup = 3D90096B2BF1D78D003DC1EA /* Products */;
			projectDirPath = "";
			projectRoot = "";
			targets = (
				3D9009692BF1D78D003DC1EA /* WordleGame */,
			);
		};
/* End PBXProject section */

/* Begin PBXResourcesBuildPhase section */
		3D9009682BF1D78D003DC1EA /* Resources */ = {
			isa = PBXResourcesBuildPhase;
			buildActionMask = 2147483647;
			files = (
				3D90097A2BF1D78E003DC1EA /* LaunchScreen.storyboard in Resources */,
				3D9009772BF1D78E003DC1EA /* Assets.xcassets in Resources */,
				3D9009752BF1D78D003DC1EA /* Main.storyboard in Resources */,
			);
			runOnlyForDeploymentPostprocessing = 0;
		};
/* End PBXResourcesBuildPhase section */

/* Begin PBXSourcesBuildPhase section */
		3D9009662BF1D78D003DC1EA /* Sources */ = {
			isa = PBXSourcesBuildPhase;
			buildActionMask = 2147483647;
			files = (
				3D9009722BF1D78D003DC1EA /* ViewController.swift in Sources */,
				3D90096E2BF1D78D003DC1EA /* AppDelegate.swift in Sources */,
				3D9009702BF1D78D003DC1EA /* SceneDelegate.swift in Sources */,
				3D512C452BFC57F4003F3EEB /* KeyCell.swift in Sources */,
				3D9009852BF1D7FB003DC1EA /* KeyboardViewController.swift in Sources */,
				3D9009892BF1D809003DC1EA /* BoardViewController.swift in Sources */,
			);
			runOnlyForDeploymentPostprocessing = 0;
		};
/* End PBXSourcesBuildPhase section */

/* Begin PBXVariantGroup section */
		3D9009732BF1D78D003DC1EA /* Main.storyboard */ = {
			isa = PBXVariantGroup;
			children = (
				3D9009742BF1D78D003DC1EA /* Base */,
			);
			name = Main.storyboard;
			sourceTree = "<group>";
		};
		3D9009782BF1D78E003DC1EA /* LaunchScreen.storyboard */ = {
			isa = PBXVariantGroup;
			children = (
				3D9009792BF1D78E003DC1EA /* Base */,
			);
			name = LaunchScreen.storyboard;
			sourceTree = "<group>";
		};
/* End PBXVariantGroup section */

/* Begin XCBuildConfiguration section */
		3D90097C2BF1D78E003DC1EA /* Debug */ = {
			isa = XCBuildConfiguration;
			buildSettings = {
				ALWAYS_SEARCH_USER_PATHS = NO;
				CLANG_ANALYZER_NONNULL = YES;
				CLANG_ANALYZER_NUMBER_OBJECT_CONVERSION = YES_AGGRESSIVE;
				CLANG_CXX_LANGUAGE_STANDARD = "gnu++14";
				CLANG_CXX_LIBRARY = "libc++";
				CLANG_ENABLE_MODULES = YES;
				CLANG_ENABLE_OBJC_ARC = YES;
				CLANG_ENABLE_OBJC_WEAK = YES;
				CLANG_WARN_BLOCK_CAPTURE_AUTORELEASING = YES;
				CLANG_WARN_BOOL_CONVERSION = YES;
				CLANG_WARN_COMMA = YES;
				CLANG_WARN_CONSTANT_CONVERSION = YES;
				CLANG_WARN_DEPRECATED_OBJC_IMPLEMENTATIONS = YES;
				CLANG_WARN_DIRECT_OBJC_ISA_USAGE = YES_ERROR;
				CLANG_WARN_DOCUMENTATION_COMMENTS = YES;
				CLANG_WARN_EMPTY_BODY = YES;
				CLANG_WARN_ENUM_CONVERSION = YES;
				CLANG_WARN_INFINITE_RECURSION = YES;
				CLANG_WARN_INT_CONVERSION = YES;
				CLANG_WARN_NON_LITERAL_NULL_CONVERSION = YES;
				CLANG_WARN_OBJC_IMPLICIT_RETAIN_SELF = YES;
				CLANG_WARN_OBJC_LITERAL_CONVERSION = YES;
				CLANG_WARN_OBJC_ROOT_CLASS = YES_ERROR;
				CLANG_WARN_QUOTED_INCLUDE_IN_FRAMEWORK_HEADER = YES;
				CLANG_WARN_RANGE_LOOP_ANALYSIS = YES;
				CLANG_WARN_STRICT_PROTOTYPES = YES;
				CLANG_WARN_SUSPICIOUS_MOVE = YES;
				CLANG_WARN_UNGUARDED_AVAILABILITY = YES_AGGRESSIVE;
				CLANG_WARN_UNREACHABLE_CODE = YES;
				CLANG_WARN__DUPLICATE_METHOD_MATCH = YES;
				COPY_PHASE_STRIP = NO;
				DEBUG_INFORMATION_FORMAT = dwarf;
				ENABLE_STRICT_OBJC_MSGSEND = YES;
				ENABLE_TESTABILITY = YES;
				GCC_C_LANGUAGE_STANDARD = gnu11;
				GCC_DYNAMIC_NO_PIC = NO;
				GCC_NO_COMMON_BLOCKS = YES;
				GCC_OPTIMIZATION_LEVEL = 0;
				GCC_PREPROCESSOR_DEFINITIONS = (
					"DEBUG=1",
					"$(inherited)",
				);
				GCC_WARN_64_TO_32_BIT_CONVERSION = YES;
				GCC_WARN_ABOUT_RETURN_TYPE = YES_ERROR;
				GCC_WARN_UNDECLARED_SELECTOR = YES;
				GCC_WARN_UNINITIALIZED_AUTOS = YES_AGGRESSIVE;
				GCC_WARN_UNUSED_FUNCTION = YES;
				GCC_WARN_UNUSED_VARIABLE = YES;
				IPHONEOS_DEPLOYMENT_TARGET = 14.4;
				MTL_ENABLE_DEBUG_INFO = INCLUDE_SOURCE;
				MTL_FAST_MATH = YES;
				ONLY_ACTIVE_ARCH = YES;
				SDKROOT = iphoneos;
				SWIFT_ACTIVE_COMPILATION_CONDITIONS = DEBUG;
				SWIFT_OPTIMIZATION_LEVEL = "-Onone";
			};
			name = Debug;
		};
		3D90097D2BF1D78E003DC1EA /* Release */ = {
			isa = XCBuildConfiguration;
			buildSettings = {
				ALWAYS_SEARCH_USER_PATHS = NO;
				CLANG_ANALYZER_NONNULL = YES;
				CLANG_ANALYZER_NUMBER_OBJECT_CONVERSION = YES_AGGRESSIVE;
				CLANG_CXX_LANGUAGE_STANDARD = "gnu++14";
				CLANG_CXX_LIBRARY = "libc++";
				CLANG_ENABLE_MODULES = YES;
				CLANG_ENABLE_OBJC_ARC = YES;
				CLANG_ENABLE_OBJC_WEAK = YES;
				CLANG_WARN_BLOCK_CAPTURE_AUTORELEASING = YES;
				CLANG_WARN_BOOL_CONVERSION = YES;
				CLANG_WARN_COMMA = YES;
				CLANG_WARN_CONSTANT_CONVERSION = YES;
				CLANG_WARN_DEPRECATED_OBJC_IMPLEMENTATIONS = YES;
				CLANG_WARN_DIRECT_OBJC_ISA_USAGE = YES_ERROR;
				CLANG_WARN_DOCUMENTATION_COMMENTS = YES;
				CLANG_WARN_EMPTY_BODY = YES;
				CLANG_WARN_ENUM_CONVERSION = YES;
				CLANG_WARN_INFINITE_RECURSION = YES;
				CLANG_WARN_INT_CONVERSION = YES;
				CLANG_WARN_NON_LITERAL_NULL_CONVERSION = YES;
				CLANG_WARN_OBJC_IMPLICIT_RETAIN_SELF = YES;
				CLANG_WARN_OBJC_LITERAL_CONVERSION = YES;
				CLANG_WARN_OBJC_ROOT_CLASS = YES_ERROR;
				CLANG_WARN_QUOTED_INCLUDE_IN_FRAMEWORK_HEADER = YES;
				CLANG_WARN_RANGE_LOOP_ANALYSIS = YES;
				CLANG_WARN_STRICT_PROTOTYPES = YES;
				CLANG_WARN_SUSPICIOUS_MOVE = YES;
				CLANG_WARN_UNGUARDED_AVAILABILITY = YES_AGGRESSIVE;
				CLANG_WARN_UNREACHABLE_CODE = YES;
				CLANG_WARN__DUPLICATE_METHOD_MATCH = YES;
				COPY_PHASE_STRIP = NO;
				DEBUG_INFORMATION_FORMAT = "dwarf-with-dsym";
				ENABLE_NS_ASSERTIONS = NO;
				ENABLE_STRICT_OBJC_MSGSEND = YES;
				GCC_C_LANGUAGE_STANDARD = gnu11;
				GCC_NO_COMMON_BLOCKS = YES;
				GCC_WARN_64_TO_32_BIT_CONVERSION = YES;
				GCC_WARN_ABOUT_RETURN_TYPE = YES_ERROR;
				GCC_WARN_UNDECLARED_SELECTOR = YES;
				GCC_WARN_UNINITIALIZED_AUTOS = YES_AGGRESSIVE;
				GCC_WARN_UNUSED_FUNCTION = YES;
				GCC_WARN_UNUSED_VARIABLE = YES;
				IPHONEOS_DEPLOYMENT_TARGET = 14.4;
				MTL_ENABLE_DEBUG_INFO = NO;
				MTL_FAST_MATH = YES;
				SDKROOT = iphoneos;
				SWIFT_COMPILATION_MODE = wholemodule;
				SWIFT_OPTIMIZATION_LEVEL = "-O";
				VALIDATE_PRODUCT = YES;
			};
			name = Release;
		};
		3D90097F2BF1D78E003DC1EA /* Debug */ = {
			isa = XCBuildConfiguration;
			buildSettings = {
				ASSETCATALOG_COMPILER_APPICON_NAME = AppIcon;
				ASSETCATALOG_COMPILER_GLOBAL_ACCENT_COLOR_NAME = AccentColor;
				CODE_SIGN_STYLE = Automatic;
				DEVELOPMENT_TEAM = QPRR6DBPP9;
				INFOPLIST_FILE = "$(SRCROOT)/WordleGame/Other/Info.plist";
				LD_RUNPATH_SEARCH_PATHS = (
					"$(inherited)",
					"@executable_path/Frameworks",
				);
				PRODUCT_BUNDLE_IDENTIFIER = William.WordleGame;
				PRODUCT_NAME = "$(TARGET_NAME)";
				SWIFT_VERSION = 5.0;
				TARGETED_DEVICE_FAMILY = "1,2";
			};
			name = Debug;
		};
		3D9009802BF1D78E003DC1EA /* Release */ = {
			isa = XCBuildConfiguration;
			buildSettings = {
				ASSETCATALOG_COMPILER_APPICON_NAME = AppIcon;
				ASSETCATALOG_COMPILER_GLOBAL_ACCENT_COLOR_NAME = AccentColor;
				CODE_SIGN_STYLE = Automatic;
				DEVELOPMENT_TEAM = QPRR6DBPP9;
				INFOPLIST_FILE = "$(SRCROOT)/WordleGame/Other/Info.plist";
				LD_RUNPATH_SEARCH_PATHS = (
					"$(inherited)",
					"@executable_path/Frameworks",
				);
				PRODUCT_BUNDLE_IDENTIFIER = William.WordleGame;
				PRODUCT_NAME = "$(TARGET_NAME)";
				SWIFT_VERSION = 5.0;
				TARGETED_DEVICE_FAMILY = "1,2";
			};
			name = Release;
		};
/* End XCBuildConfiguration section */

/* Begin XCConfigurationList section */
		3D9009652BF1D78D003DC1EA /* Build configuration list for PBXProject "WordleGame" */ = {
			isa = XCConfigurationList;
			buildConfigurations = (
				3D90097C2BF1D78E003DC1EA /* Debug */,
				3D90097D2BF1D78E003DC1EA /* Release */,
			);
			defaultConfigurationIsVisible = 0;
			defaultConfigurationName = Release;
		};
		3D90097E2BF1D78E003DC1EA /* Build configuration list for PBXNativeTarget "WordleGame" */ = {
			isa = XCConfigurationList;
			buildConfigurations = (
				3D90097F2BF1D78E003DC1EA /* Debug */,
				3D9009802BF1D78E003DC1EA /* Release */,
			);
			defaultConfigurationIsVisible = 0;
			defaultConfigurationName = Release;
		};
/* End XCConfigurationList section */
	};
	rootObject = 3D9009622BF1D78D003DC1EA /* Project object */;
}
